
Microsoft Visual Studio Solution File, Format Version 12.00
# Visual Studio Version 17
VisualStudioVersion = 17.2.32630.192
MinimumVisualStudioVersion = 10.0.40219.1
Project("{FAE04EC0-301F-11D3-BF4B-00C04F79EFBC}") = "SignalRExample", "SignalRExample\SignalRExample.csproj", "{356F9C3A-55A3-4EDF-98BA-8CFB9625EDBF}"
EndProject
Global
	GlobalSection(SolutionConfigurationPlatforms) = preSolution
		Debug|Any CPU = Debug|Any CPU
		Release|Any CPU = Release|Any CPU
	EndGlobalSection
	GlobalSection(ProjectConfigurationPlatforms) = postSolution
		{356F9C3A-55A3-4EDF-98BA-8CFB9625EDBF}.Debug|Any CPU.ActiveCfg = Debug|Any CPU
		{356F9C3A-55A3-4EDF-98BA-8CFB9625EDBF}.Debug|Any CPU.Build.0 = Debug|Any CPU
		{356F9C3A-55A3-4EDF-98BA-8CFB9625EDBF}.Release|Any CPU.ActiveCfg = Release|Any CPU
		{356F9C3A-55A3-4EDF-98BA-8CFB9625EDBF}.Release|Any CPU.Build.0 = Release|Any CPU
	EndGlobalSection
	GlobalSection(SolutionProperties) = preSolution
		HideSolutionNode = FALSE
	EndGlobalSection
	GlobalSection(ExtensibilityGlobals) = postSolution
		SolutionGuid = {44572D24-98B0-45E7-85D3-9435C595189F}
	EndGlobalSection
EndGlobal
